
Microsoft Visual Studio Solution File, Format Version 12.00
# Visual Studio 15
VisualStudioVersion = 15.0.28010.2019
MinimumVisualStudioVersion = 10.0.40219.1
Project("{FAE04EC0-301F-11D3-BF4B-00C04F79EFBC}") = "Doliance.Android", "Doliance\Doliance.Android\Doliance.Android.csproj", "{CCAACDC3-9241-48D0-B59B-905E812AE149}"
EndProject
Project("{FAE04EC0-301F-11D3-BF4B-00C04F79EFBC}") = "Doliance", "Doliance\Doliance\Doliance.csproj", "{AF8AEA5E-1005-471A-B616-06FE96EC15DD}"
EndProject
Global
	GlobalSection(SolutionConfigurationPlatforms) = preSolution
		Debug|Any CPU = Debug|Any CPU
		Release|Any CPU = Release|Any CPU
	EndGlobalSection
	GlobalSection(ProjectConfigurationPlatforms) = postSolution
		{CCAACDC3-9241-48D0-B59B-905E812AE149}.Debug|Any CPU.ActiveCfg = Debug|Any CPU
		{CCAACDC3-9241-48D0-B59B-905E812AE149}.Debug|Any CPU.Build.0 = Debug|Any CPU
		{CCAACDC3-9241-48D0-B59B-905E812AE149}.Debug|Any CPU.Deploy.0 = Debug|Any CPU
		{CCAACDC3-9241-48D0-B59B-905E812AE149}.Release|Any CPU.ActiveCfg = Release|Any CPU
		{CCAACDC3-9241-48D0-B59B-905E812AE149}.Release|Any CPU.Build.0 = Release|Any CPU
		{CCAACDC3-9241-48D0-B59B-905E812AE149}.Release|Any CPU.Deploy.0 = Release|Any CPU
		{AF8AEA5E-1005-471A-B616-06FE96EC15DD}.Debug|Any CPU.ActiveCfg = Debug|Any CPU
		{AF8AEA5E-1005-471A-B616-06FE96EC15DD}.Debug|Any CPU.Build.0 = Debug|Any CPU
		{AF8AEA5E-1005-471A-B616-06FE96EC15DD}.Debug|Any CPU.Deploy.0 = Debug|Any CPU
		{AF8AEA5E-1005-471A-B616-06FE96EC15DD}.Release|Any CPU.ActiveCfg = Release|Any CPU
		{AF8AEA5E-1005-471A-B616-06FE96EC15DD}.Release|Any CPU.Build.0 = Release|Any CPU
		{AF8AEA5E-1005-471A-B616-06FE96EC15DD}.Release|Any CPU.Deploy.0 = Release|Any CPU
	EndGlobalSection
	GlobalSection(SolutionProperties) = preSolution
		HideSolutionNode = FALSE
	EndGlobalSection
	GlobalSection(ExtensibilityGlobals) = postSolution
		SolutionGuid = {924FC444-A8AE-430B-B478-0CCC2F3F0991}
	EndGlobalSection
EndGlobal
